
Microsoft Visual Studio Solution File, Format Version 12.00
# Visual Studio 15
VisualStudioVersion = 15.0.28307.421
MinimumVisualStudioVersion = 10.0.40219.1
Project("{FAE04EC0-301F-11D3-BF4B-00C04F79EFBC}") = "InsertItemParsing", "InsertItemParsing\InsertItemParsing.csproj", "{2843A0DA-5073-4CCD-81FF-393858905B8A}"
EndProject
Global
	GlobalSection(SolutionConfigurationPlatforms) = preSolution
		Debug|Any CPU = Debug|Any CPU
		Release|Any CPU = Release|Any CPU
	EndGlobalSection
	GlobalSection(ProjectConfigurationPlatforms) = postSolution
		{2843A0DA-5073-4CCD-81FF-393858905B8A}.Debug|Any CPU.ActiveCfg = Debug|Any CPU
		{2843A0DA-5073-4CCD-81FF-393858905B8A}.Debug|Any CPU.Build.0 = Debug|Any CPU
		{2843A0DA-5073-4CCD-81FF-393858905B8A}.Release|Any CPU.ActiveCfg = Release|Any CPU
		{2843A0DA-5073-4CCD-81FF-393858905B8A}.Release|Any CPU.Build.0 = Release|Any CPU
	EndGlobalSection
	GlobalSection(SolutionProperties) = preSolution
		HideSolutionNode = FALSE
	EndGlobalSection
	GlobalSection(ExtensibilityGlobals) = postSolution
		SolutionGuid = {0EA53E9B-A375-42E7-BC30-F5D0BC377BCD}
	EndGlobalSection
EndGlobal
