
Microsoft Visual Studio Solution File, Format Version 12.00
# Visual Studio 15
VisualStudioVersion = 15.0.28307.421
MinimumVisualStudioVersion = 10.0.40219.1
Project("{FAE04EC0-301F-11D3-BF4B-00C04F79EFBC}") = "ValidateJson", "ValidateJson\ValidateJson.csproj", "{007E0D35-5EF0-4829-86DF-53EF723C031A}"
EndProject
Global
	GlobalSection(SolutionConfigurationPlatforms) = preSolution
		Debug|Any CPU = Debug|Any CPU
		Release|Any CPU = Release|Any CPU
	EndGlobalSection
	GlobalSection(ProjectConfigurationPlatforms) = postSolution
		{007E0D35-5EF0-4829-86DF-53EF723C031A}.Debug|Any CPU.ActiveCfg = Debug|Any CPU
		{007E0D35-5EF0-4829-86DF-53EF723C031A}.Debug|Any CPU.Build.0 = Debug|Any CPU
		{007E0D35-5EF0-4829-86DF-53EF723C031A}.Release|Any CPU.ActiveCfg = Release|Any CPU
		{007E0D35-5EF0-4829-86DF-53EF723C031A}.Release|Any CPU.Build.0 = Release|Any CPU
	EndGlobalSection
	GlobalSection(SolutionProperties) = preSolution
		HideSolutionNode = FALSE
	EndGlobalSection
	GlobalSection(ExtensibilityGlobals) = postSolution
		SolutionGuid = {A0635C81-1BC7-4B8F-B1C4-01A4C15BEEC7}
	EndGlobalSection
EndGlobal
