
Microsoft Visual Studio Solution File, Format Version 12.00
# Visual Studio 15
VisualStudioVersion = 15.0.28307.271
MinimumVisualStudioVersion = 10.0.40219.1
Project("{9A19103F-16F7-4668-BE54-9A1E7A4F7556}") = "FindyBot3000AzureFunction", "FindyBot3000AzureFunction\FindyBot3000AzureFunction.csproj", "{AD06DA22-E60D-49ED-8171-D06B7949EF57}"
EndProject
Global
	GlobalSection(SolutionConfigurationPlatforms) = preSolution
		Debug|Any CPU = Debug|Any CPU
		Debug|x64 = Debug|x64
		Release|Any CPU = Release|Any CPU
		Release|x64 = Release|x64
	EndGlobalSection
	GlobalSection(ProjectConfigurationPlatforms) = postSolution
		{AD06DA22-E60D-49ED-8171-D06B7949EF57}.Debug|Any CPU.ActiveCfg = Debug|Any CPU
		{AD06DA22-E60D-49ED-8171-D06B7949EF57}.Debug|Any CPU.Build.0 = Debug|Any CPU
		{AD06DA22-E60D-49ED-8171-D06B7949EF57}.Debug|x64.ActiveCfg = Debug|Any CPU
		{AD06DA22-E60D-49ED-8171-D06B7949EF57}.Debug|x64.Build.0 = Debug|Any CPU
		{AD06DA22-E60D-49ED-8171-D06B7949EF57}.Release|Any CPU.ActiveCfg = Release|Any CPU
		{AD06DA22-E60D-49ED-8171-D06B7949EF57}.Release|Any CPU.Build.0 = Release|Any CPU
		{AD06DA22-E60D-49ED-8171-D06B7949EF57}.Release|x64.ActiveCfg = Release|Any CPU
		{AD06DA22-E60D-49ED-8171-D06B7949EF57}.Release|x64.Build.0 = Release|Any CPU
	EndGlobalSection
	GlobalSection(SolutionProperties) = preSolution
		HideSolutionNode = FALSE
	EndGlobalSection
	GlobalSection(ExtensibilityGlobals) = postSolution
		SolutionGuid = {BCD96C26-35E3-402F-8BC6-9FC0E3FCC17E}
	EndGlobalSection
EndGlobal
