
Microsoft Visual Studio Solution File, Format Version 12.00
# Visual Studio Version 16
VisualStudioVersion = 16.0.28621.142
MinimumVisualStudioVersion = 10.0.40219.1
Project("{FAE04EC0-301F-11D3-BF4B-00C04F79EFBC}") = "SingularizeTesting", "SingularizeTesting\SingularizeTesting.csproj", "{01C4AC6B-A964-4DC1-975F-0F07E464A2D9}"
EndProject
Global
	GlobalSection(SolutionConfigurationPlatforms) = preSolution
		Debug|Any CPU = Debug|Any CPU
		Release|Any CPU = Release|Any CPU
	EndGlobalSection
	GlobalSection(ProjectConfigurationPlatforms) = postSolution
		{01C4AC6B-A964-4DC1-975F-0F07E464A2D9}.Debug|Any CPU.ActiveCfg = Debug|Any CPU
		{01C4AC6B-A964-4DC1-975F-0F07E464A2D9}.Debug|Any CPU.Build.0 = Debug|Any CPU
		{01C4AC6B-A964-4DC1-975F-0F07E464A2D9}.Release|Any CPU.ActiveCfg = Release|Any CPU
		{01C4AC6B-A964-4DC1-975F-0F07E464A2D9}.Release|Any CPU.Build.0 = Release|Any CPU
	EndGlobalSection
	GlobalSection(SolutionProperties) = preSolution
		HideSolutionNode = FALSE
	EndGlobalSection
	GlobalSection(ExtensibilityGlobals) = postSolution
		SolutionGuid = {449D65BB-CBA1-4D4E-81C7-F757F1FA2339}
	EndGlobalSection
EndGlobal
